
Microsoft Visual Studio Solution File, Format Version 11.00
# Visual Studio 2010
Project("{FAE04EC0-301F-11D3-BF4B-00C04F79EFBC}") = "Library", "Library\Library.csproj", "{63EADC1F-9A8A-4945-A562-DA666D0BCB7B}"
EndProject
Project("{FAE04EC0-301F-11D3-BF4B-00C04F79EFBC}") = "Library.Collections", "Library.Collections\Library.Collections.csproj", "{197C654F-2461-446A-B531-4A789F14BE19}"
EndProject
Project("{FAE04EC0-301F-11D3-BF4B-00C04F79EFBC}") = "Library.Configuration", "Library.Configuration\Library.Configuration.csproj", "{9AA70F88-4A83-4B3F-B494-7D37EA95766A}"
EndProject
Project("{FAE04EC0-301F-11D3-BF4B-00C04F79EFBC}") = "Library.Correction", "Library.Correction\Library.Correction.csproj", "{A8AD7B39-85FC-4ABF-9D04-5E1241CD79B3}"
EndProject
Project("{FAE04EC0-301F-11D3-BF4B-00C04F79EFBC}") = "Library.Net.Connection", "Library.Net.Connection\Library.Net.Connection.csproj", "{38994E3C-0699-4D6C-AD02-F9F657340347}"
EndProject
Project("{FAE04EC0-301F-11D3-BF4B-00C04F79EFBC}") = "Library.Net", "Library.Net\Library.Net.csproj", "{7CFDE01D-4A0E-4E10-ACC2-34DB897DBE0F}"
EndProject
Project("{FAE04EC0-301F-11D3-BF4B-00C04F79EFBC}") = "Library.Net.Amoeba", "Library.Net.Amoeba\Library.Net.Amoeba.csproj", "{82230C99-6599-4130-AAC9-FC926ABC0724}"
EndProject
Project("{FAE04EC0-301F-11D3-BF4B-00C04F79EFBC}") = "Library.Net.Proxy", "Library.Net.Proxy\Library.Net.Proxy.csproj", "{56EB350E-089E-40BB-97CB-F2745A4251AE}"
EndProject
Project("{FAE04EC0-301F-11D3-BF4B-00C04F79EFBC}") = "Library.Net.Upnp", "Library.Net.UPnP\Library.Net.Upnp.csproj", "{7688AECF-92BD-4212-AAD8-6CD6D42BA6E3}"
EndProject
Project("{FAE04EC0-301F-11D3-BF4B-00C04F79EFBC}") = "Library.Tool", "Library.Tool\Library.Tool.csproj", "{B4424312-441E-4B12-9278-D640CDABD99B}"
EndProject
Project("{FAE04EC0-301F-11D3-BF4B-00C04F79EFBC}") = "Library.Io", "Library.Io\Library.Io.csproj", "{74597E45-7F3C-4958-8B6A-B16DE8DE47B9}"
EndProject
Project("{FAE04EC0-301F-11D3-BF4B-00C04F79EFBC}") = "Library.UnitTest", "Library.UnitTest\Library.UnitTest.csproj", "{AA2384F3-29B1-42D5-9A4C-52303965C287}"
EndProject
Project("{FAE04EC0-301F-11D3-BF4B-00C04F79EFBC}") = "Library.Security", "Library.Security\Library.Security.csproj", "{D314C626-A6FC-4FD5-BE3C-9D36C2738418}"
EndProject
Project("{FAE04EC0-301F-11D3-BF4B-00C04F79EFBC}") = "Library.Net.Lair", "Library.Net.Lair\Library.Net.Lair.csproj", "{AE8FE1EB-0280-48CE-A26A-F58E3FFE6B5D}"
EndProject
Project("{FAE04EC0-301F-11D3-BF4B-00C04F79EFBC}") = "Library.Update", "Library.Update\Library.Update.csproj", "{5D842D8A-5BFE-4D68-956B-E1E690EDB48A}"
EndProject
Project("{FAE04EC0-301F-11D3-BF4B-00C04F79EFBC}") = "Library.Compression", "Library.Compression\Library.Compression.csproj", "{51ECCC57-56CB-44A0-9A43-DB596F982FC8}"
EndProject
Project("{FAE04EC0-301F-11D3-BF4B-00C04F79EFBC}") = "Library.Net.Rosa", "Library.Net.Rosa\Library.Net.Rosa.csproj", "{5FC132BA-75E0-4167-9258-3D2B23DE4E31}"
EndProject
Global
	GlobalSection(SolutionConfigurationPlatforms) = preSolution
		Debug|Any CPU = Debug|Any CPU
		Debug|Mixed Platforms = Debug|Mixed Platforms
		Debug|Win32 = Debug|Win32
		Debug|x86 = Debug|x86
		Release Mono|Any CPU = Release Mono|Any CPU
		Release Mono|Mixed Platforms = Release Mono|Mixed Platforms
		Release Mono|Win32 = Release Mono|Win32
		Release Mono|x86 = Release Mono|x86
		Release|Any CPU = Release|Any CPU
		Release|Mixed Platforms = Release|Mixed Platforms
		Release|Win32 = Release|Win32
		Release|x86 = Release|x86
	EndGlobalSection
	GlobalSection(ProjectConfigurationPlatforms) = postSolution
		{63EADC1F-9A8A-4945-A562-DA666D0BCB7B}.Debug|Any CPU.ActiveCfg = Debug|Any CPU
		{63EADC1F-9A8A-4945-A562-DA666D0BCB7B}.Debug|Any CPU.Build.0 = Debug|Any CPU
		{63EADC1F-9A8A-4945-A562-DA666D0BCB7B}.Debug|Mixed Platforms.ActiveCfg = Debug|Any CPU
		{63EADC1F-9A8A-4945-A562-DA666D0BCB7B}.Debug|Mixed Platforms.Build.0 = Debug|Any CPU
		{63EADC1F-9A8A-4945-A562-DA666D0BCB7B}.Debug|Win32.ActiveCfg = Debug|Any CPU
		{63EADC1F-9A8A-4945-A562-DA666D0BCB7B}.Debug|x86.ActiveCfg = Debug|Any CPU
		{63EADC1F-9A8A-4945-A562-DA666D0BCB7B}.Release Mono|Any CPU.ActiveCfg = Release|Any CPU
		{63EADC1F-9A8A-4945-A562-DA666D0BCB7B}.Release Mono|Any CPU.Build.0 = Release|Any CPU
		{63EADC1F-9A8A-4945-A562-DA666D0BCB7B}.Release Mono|Mixed Platforms.ActiveCfg = Release|Any CPU
		{63EADC1F-9A8A-4945-A562-DA666D0BCB7B}.Release Mono|Mixed Platforms.Build.0 = Release|Any CPU
		{63EADC1F-9A8A-4945-A562-DA666D0BCB7B}.Release Mono|Win32.ActiveCfg = Release|Any CPU
		{63EADC1F-9A8A-4945-A562-DA666D0BCB7B}.Release Mono|x86.ActiveCfg = Release|Any CPU
		{63EADC1F-9A8A-4945-A562-DA666D0BCB7B}.Release|Any CPU.ActiveCfg = Release|Any CPU
		{63EADC1F-9A8A-4945-A562-DA666D0BCB7B}.Release|Any CPU.Build.0 = Release|Any CPU
		{63EADC1F-9A8A-4945-A562-DA666D0BCB7B}.Release|Mixed Platforms.ActiveCfg = Release|Any CPU
		{63EADC1F-9A8A-4945-A562-DA666D0BCB7B}.Release|Mixed Platforms.Build.0 = Release|Any CPU
		{63EADC1F-9A8A-4945-A562-DA666D0BCB7B}.Release|Win32.ActiveCfg = Release|Any CPU
		{63EADC1F-9A8A-4945-A562-DA666D0BCB7B}.Release|x86.ActiveCfg = Release|Any CPU
		{197C654F-2461-446A-B531-4A789F14BE19}.Debug|Any CPU.ActiveCfg = Debug|Any CPU
		{197C654F-2461-446A-B531-4A789F14BE19}.Debug|Any CPU.Build.0 = Debug|Any CPU
		{197C654F-2461-446A-B531-4A789F14BE19}.Debug|Mixed Platforms.ActiveCfg = Debug|Any CPU
		{197C654F-2461-446A-B531-4A789F14BE19}.Debug|Mixed Platforms.Build.0 = Debug|Any CPU
		{197C654F-2461-446A-B531-4A789F14BE19}.Debug|Win32.ActiveCfg = Debug|Any CPU
		{197C654F-2461-446A-B531-4A789F14BE19}.Debug|x86.ActiveCfg = Debug|Any CPU
		{197C654F-2461-446A-B531-4A789F14BE19}.Release Mono|Any CPU.ActiveCfg = Release|Any CPU
		{197C654F-2461-446A-B531-4A789F14BE19}.Release Mono|Any CPU.Build.0 = Release|Any CPU
		{197C654F-2461-446A-B531-4A789F14BE19}.Release Mono|Mixed Platforms.ActiveCfg = Release|Any CPU
		{197C654F-2461-446A-B531-4A789F14BE19}.Release Mono|Mixed Platforms.Build.0 = Release|Any CPU
		{197C654F-2461-446A-B531-4A789F14BE19}.Release Mono|Win32.ActiveCfg = Release|Any CPU
		{197C654F-2461-446A-B531-4A789F14BE19}.Release Mono|x86.ActiveCfg = Release|Any CPU
		{197C654F-2461-446A-B531-4A789F14BE19}.Release|Any CPU.ActiveCfg = Release|Any CPU
		{197C654F-2461-446A-B531-4A789F14BE19}.Release|Any CPU.Build.0 = Release|Any CPU
		{197C654F-2461-446A-B531-4A789F14BE19}.Release|Mixed Platforms.ActiveCfg = Release|Any CPU
		{197C654F-2461-446A-B531-4A789F14BE19}.Release|Mixed Platforms.Build.0 = Release|Any CPU
		{197C654F-2461-446A-B531-4A789F14BE19}.Release|Win32.ActiveCfg = Release|Any CPU
		{197C654F-2461-446A-B531-4A789F14BE19}.Release|x86.ActiveCfg = Release|Any CPU
		{9AA70F88-4A83-4B3F-B494-7D37EA95766A}.Debug|Any CPU.ActiveCfg = Debug|Any CPU
		{9AA70F88-4A83-4B3F-B494-7D37EA95766A}.Debug|Any CPU.Build.0 = Debug|Any CPU
		{9AA70F88-4A83-4B3F-B494-7D37EA95766A}.Debug|Mixed Platforms.ActiveCfg = Debug|Any CPU
		{9AA70F88-4A83-4B3F-B494-7D37EA95766A}.Debug|Mixed Platforms.Build.0 = Debug|Any CPU
		{9AA70F88-4A83-4B3F-B494-7D37EA95766A}.Debug|Win32.ActiveCfg = Debug|Any CPU
		{9AA70F88-4A83-4B3F-B494-7D37EA95766A}.Debug|x86.ActiveCfg = Debug|Any CPU
		{9AA70F88-4A83-4B3F-B494-7D37EA95766A}.Release Mono|Any CPU.ActiveCfg = Release|Any CPU
		{9AA70F88-4A83-4B3F-B494-7D37EA95766A}.Release Mono|Any CPU.Build.0 = Release|Any CPU
		{9AA70F88-4A83-4B3F-B494-7D37EA95766A}.Release Mono|Mixed Platforms.ActiveCfg = Release|Any CPU
		{9AA70F88-4A83-4B3F-B494-7D37EA95766A}.Release Mono|Mixed Platforms.Build.0 = Release|Any CPU
		{9AA70F88-4A83-4B3F-B494-7D37EA95766A}.Release Mono|Win32.ActiveCfg = Release|Any CPU
		{9AA70F88-4A83-4B3F-B494-7D37EA95766A}.Release Mono|x86.ActiveCfg = Release|Any CPU
		{9AA70F88-4A83-4B3F-B494-7D37EA95766A}.Release|Any CPU.ActiveCfg = Release|Any CPU
		{9AA70F88-4A83-4B3F-B494-7D37EA95766A}.Release|Any CPU.Build.0 = Release|Any CPU
		{9AA70F88-4A83-4B3F-B494-7D37EA95766A}.Release|Mixed Platforms.ActiveCfg = Release|Any CPU
		{9AA70F88-4A83-4B3F-B494-7D37EA95766A}.Release|Mixed Platforms.Build.0 = Release|Any CPU
		{9AA70F88-4A83-4B3F-B494-7D37EA95766A}.Release|Win32.ActiveCfg = Release|Any CPU
		{9AA70F88-4A83-4B3F-B494-7D37EA95766A}.Release|x86.ActiveCfg = Release|Any CPU
		{A8AD7B39-85FC-4ABF-9D04-5E1241CD79B3}.Debug|Any CPU.ActiveCfg = Debug|Any CPU
		{A8AD7B39-85FC-4ABF-9D04-5E1241CD79B3}.Debug|Any CPU.Build.0 = Debug|Any CPU
		{A8AD7B39-85FC-4ABF-9D04-5E1241CD79B3}.Debug|Mixed Platforms.ActiveCfg = Debug|Any CPU
		{A8AD7B39-85FC-4ABF-9D04-5E1241CD79B3}.Debug|Mixed Platforms.Build.0 = Debug|Any CPU
		{A8AD7B39-85FC-4ABF-9D04-5E1241CD79B3}.Debug|Win32.ActiveCfg = Debug|Any CPU
		{A8AD7B39-85FC-4ABF-9D04-5E1241CD79B3}.Debug|x86.ActiveCfg = Debug|Any CPU
		{A8AD7B39-85FC-4ABF-9D04-5E1241CD79B3}.Release Mono|Any CPU.ActiveCfg = Release|Any CPU
		{A8AD7B39-85FC-4ABF-9D04-5E1241CD79B3}.Release Mono|Any CPU.Build.0 = Release|Any CPU
		{A8AD7B39-85FC-4ABF-9D04-5E1241CD79B3}.Release Mono|Mixed Platforms.ActiveCfg = Release|Any CPU
		{A8AD7B39-85FC-4ABF-9D04-5E1241CD79B3}.Release Mono|Mixed Platforms.Build.0 = Release|Any CPU
		{A8AD7B39-85FC-4ABF-9D04-5E1241CD79B3}.Release Mono|Win32.ActiveCfg = Release|Any CPU
		{A8AD7B39-85FC-4ABF-9D04-5E1241CD79B3}.Release Mono|x86.ActiveCfg = Release|Any CPU
		{A8AD7B39-85FC-4ABF-9D04-5E1241CD79B3}.Release|Any CPU.ActiveCfg = Release|Any CPU
		{A8AD7B39-85FC-4ABF-9D04-5E1241CD79B3}.Release|Any CPU.Build.0 = Release|Any CPU
		{A8AD7B39-85FC-4ABF-9D04-5E1241CD79B3}.Release|Mixed Platforms.ActiveCfg = Release|Any CPU
		{A8AD7B39-85FC-4ABF-9D04-5E1241CD79B3}.Release|Mixed Platforms.Build.0 = Release|Any CPU
		{A8AD7B39-85FC-4ABF-9D04-5E1241CD79B3}.Release|Win32.ActiveCfg = Release|Any CPU
		{A8AD7B39-85FC-4ABF-9D04-5E1241CD79B3}.Release|x86.ActiveCfg = Release|Any CPU
		{38994E3C-0699-4D6C-AD02-F9F657340347}.Debug|Any CPU.ActiveCfg = Debug|Any CPU
		{38994E3C-0699-4D6C-AD02-F9F657340347}.Debug|Any CPU.Build.0 = Debug|Any CPU
		{38994E3C-0699-4D6C-AD02-F9F657340347}.Debug|Mixed Platforms.ActiveCfg = Debug|Any CPU
		{38994E3C-0699-4D6C-AD02-F9F657340347}.Debug|Mixed Platforms.Build.0 = Debug|Any CPU
		{38994E3C-0699-4D6C-AD02-F9F657340347}.Debug|Win32.ActiveCfg = Debug|Any CPU
		{38994E3C-0699-4D6C-AD02-F9F657340347}.Debug|x86.ActiveCfg = Debug|Any CPU
		{38994E3C-0699-4D6C-AD02-F9F657340347}.Release Mono|Any CPU.ActiveCfg = Release|Any CPU
		{38994E3C-0699-4D6C-AD02-F9F657340347}.Release Mono|Any CPU.Build.0 = Release|Any CPU
		{38994E3C-0699-4D6C-AD02-F9F657340347}.Release Mono|Mixed Platforms.ActiveCfg = Release|Any CPU
		{38994E3C-0699-4D6C-AD02-F9F657340347}.Release Mono|Mixed Platforms.Build.0 = Release|Any CPU
		{38994E3C-0699-4D6C-AD02-F9F657340347}.Release Mono|Win32.ActiveCfg = Release|Any CPU
		{38994E3C-0699-4D6C-AD02-F9F657340347}.Release Mono|x86.ActiveCfg = Release|Any CPU
		{38994E3C-0699-4D6C-AD02-F9F657340347}.Release|Any CPU.ActiveCfg = Release|Any CPU
		{38994E3C-0699-4D6C-AD02-F9F657340347}.Release|Any CPU.Build.0 = Release|Any CPU
		{38994E3C-0699-4D6C-AD02-F9F657340347}.Release|Mixed Platforms.ActiveCfg = Release|Any CPU
		{38994E3C-0699-4D6C-AD02-F9F657340347}.Release|Mixed Platforms.Build.0 = Release|Any CPU
		{38994E3C-0699-4D6C-AD02-F9F657340347}.Release|Win32.ActiveCfg = Release|Any CPU
		{38994E3C-0699-4D6C-AD02-F9F657340347}.Release|x86.ActiveCfg = Release|Any CPU
		{7CFDE01D-4A0E-4E10-ACC2-34DB897DBE0F}.Debug|Any CPU.ActiveCfg = Debug|Any CPU
		{7CFDE01D-4A0E-4E10-ACC2-34DB897DBE0F}.Debug|Any CPU.Build.0 = Debug|Any CPU
		{7CFDE01D-4A0E-4E10-ACC2-34DB897DBE0F}.Debug|Mixed Platforms.ActiveCfg = Debug|Any CPU
		{7CFDE01D-4A0E-4E10-ACC2-34DB897DBE0F}.Debug|Mixed Platforms.Build.0 = Debug|Any CPU
		{7CFDE01D-4A0E-4E10-ACC2-34DB897DBE0F}.Debug|Win32.ActiveCfg = Debug|Any CPU
		{7CFDE01D-4A0E-4E10-ACC2-34DB897DBE0F}.Debug|x86.ActiveCfg = Debug|Any CPU
		{7CFDE01D-4A0E-4E10-ACC2-34DB897DBE0F}.Release Mono|Any CPU.ActiveCfg = Release|Any CPU
		{7CFDE01D-4A0E-4E10-ACC2-34DB897DBE0F}.Release Mono|Any CPU.Build.0 = Release|Any CPU
		{7CFDE01D-4A0E-4E10-ACC2-34DB897DBE0F}.Release Mono|Mixed Platforms.ActiveCfg = Release|Any CPU
		{7CFDE01D-4A0E-4E10-ACC2-34DB897DBE0F}.Release Mono|Mixed Platforms.Build.0 = Release|Any CPU
		{7CFDE01D-4A0E-4E10-ACC2-34DB897DBE0F}.Release Mono|Win32.ActiveCfg = Release|Any CPU
		{7CFDE01D-4A0E-4E10-ACC2-34DB897DBE0F}.Release Mono|x86.ActiveCfg = Release|Any CPU
		{7CFDE01D-4A0E-4E10-ACC2-34DB897DBE0F}.Release|Any CPU.ActiveCfg = Release|Any CPU
		{7CFDE01D-4A0E-4E10-ACC2-34DB897DBE0F}.Release|Any CPU.Build.0 = Release|Any CPU
		{7CFDE01D-4A0E-4E10-ACC2-34DB897DBE0F}.Release|Mixed Platforms.ActiveCfg = Release|Any CPU
		{7CFDE01D-4A0E-4E10-ACC2-34DB897DBE0F}.Release|Mixed Platforms.Build.0 = Release|Any CPU
		{7CFDE01D-4A0E-4E10-ACC2-34DB897DBE0F}.Release|Win32.ActiveCfg = Release|Any CPU
		{7CFDE01D-4A0E-4E10-ACC2-34DB897DBE0F}.Release|x86.ActiveCfg = Release|Any CPU
		{82230C99-6599-4130-AAC9-FC926ABC0724}.Debug|Any CPU.ActiveCfg = Debug|Any CPU
		{82230C99-6599-4130-AAC9-FC926ABC0724}.Debug|Any CPU.Build.0 = Debug|Any CPU
		{82230C99-6599-4130-AAC9-FC926ABC0724}.Debug|Mixed Platforms.ActiveCfg = Debug|Any CPU
		{82230C99-6599-4130-AAC9-FC926ABC0724}.Debug|Mixed Platforms.Build.0 = Debug|Any CPU
		{82230C99-6599-4130-AAC9-FC926ABC0724}.Debug|Win32.ActiveCfg = Debug|Any CPU
		{82230C99-6599-4130-AAC9-FC926ABC0724}.Debug|x86.ActiveCfg = Debug|Any CPU
		{82230C99-6599-4130-AAC9-FC926ABC0724}.Release Mono|Any CPU.ActiveCfg = Release|Any CPU
		{82230C99-6599-4130-AAC9-FC926ABC0724}.Release Mono|Any CPU.Build.0 = Release|Any CPU
		{82230C99-6599-4130-AAC9-FC926ABC0724}.Release Mono|Mixed Platforms.ActiveCfg = Release|Any CPU
		{82230C99-6599-4130-AAC9-FC926ABC0724}.Release Mono|Mixed Platforms.Build.0 = Release|Any CPU
		{82230C99-6599-4130-AAC9-FC926ABC0724}.Release Mono|Win32.ActiveCfg = Release|Any CPU
		{82230C99-6599-4130-AAC9-FC926ABC0724}.Release Mono|x86.ActiveCfg = Release|Any CPU
		{82230C99-6599-4130-AAC9-FC926ABC0724}.Release|Any CPU.ActiveCfg = Release|Any CPU
		{82230C99-6599-4130-AAC9-FC926ABC0724}.Release|Any CPU.Build.0 = Release|Any CPU
		{82230C99-6599-4130-AAC9-FC926ABC0724}.Release|Mixed Platforms.ActiveCfg = Release|Any CPU
		{82230C99-6599-4130-AAC9-FC926ABC0724}.Release|Mixed Platforms.Build.0 = Release|Any CPU
		{82230C99-6599-4130-AAC9-FC926ABC0724}.Release|Win32.ActiveCfg = Release|Any CPU
		{82230C99-6599-4130-AAC9-FC926ABC0724}.Release|x86.ActiveCfg = Release|Any CPU
		{56EB350E-089E-40BB-97CB-F2745A4251AE}.Debug|Any CPU.ActiveCfg = Debug|Any CPU
		{56EB350E-089E-40BB-97CB-F2745A4251AE}.Debug|Any CPU.Build.0 = Debug|Any CPU
		{56EB350E-089E-40BB-97CB-F2745A4251AE}.Debug|Mixed Platforms.ActiveCfg = Debug|Any CPU
		{56EB350E-089E-40BB-97CB-F2745A4251AE}.Debug|Mixed Platforms.Build.0 = Debug|Any CPU
		{56EB350E-089E-40BB-97CB-F2745A4251AE}.Debug|Win32.ActiveCfg = Debug|Any CPU
		{56EB350E-089E-40BB-97CB-F2745A4251AE}.Debug|x86.ActiveCfg = Debug|Any CPU
		{56EB350E-089E-40BB-97CB-F2745A4251AE}.Release Mono|Any CPU.ActiveCfg = Release|Any CPU
		{56EB350E-089E-40BB-97CB-F2745A4251AE}.Release Mono|Any CPU.Build.0 = Release|Any CPU
		{56EB350E-089E-40BB-97CB-F2745A4251AE}.Release Mono|Mixed Platforms.ActiveCfg = Release|Any CPU
		{56EB350E-089E-40BB-97CB-F2745A4251AE}.Release Mono|Mixed Platforms.Build.0 = Release|Any CPU
		{56EB350E-089E-40BB-97CB-F2745A4251AE}.Release Mono|Win32.ActiveCfg = Release|Any CPU
		{56EB350E-089E-40BB-97CB-F2745A4251AE}.Release Mono|x86.ActiveCfg = Release|Any CPU
		{56EB350E-089E-40BB-97CB-F2745A4251AE}.Release|Any CPU.ActiveCfg = Release|Any CPU
		{56EB350E-089E-40BB-97CB-F2745A4251AE}.Release|Any CPU.Build.0 = Release|Any CPU
		{56EB350E-089E-40BB-97CB-F2745A4251AE}.Release|Mixed Platforms.ActiveCfg = Release|Any CPU
		{56EB350E-089E-40BB-97CB-F2745A4251AE}.Release|Mixed Platforms.Build.0 = Release|Any CPU
		{56EB350E-089E-40BB-97CB-F2745A4251AE}.Release|Win32.ActiveCfg = Release|Any CPU
		{56EB350E-089E-40BB-97CB-F2745A4251AE}.Release|x86.ActiveCfg = Release|Any CPU
		{7688AECF-92BD-4212-AAD8-6CD6D42BA6E3}.Debug|Any CPU.ActiveCfg = Debug|Any CPU
		{7688AECF-92BD-4212-AAD8-6CD6D42BA6E3}.Debug|Any CPU.Build.0 = Debug|Any CPU
		{7688AECF-92BD-4212-AAD8-6CD6D42BA6E3}.Debug|Mixed Platforms.ActiveCfg = Debug|Any CPU
		{7688AECF-92BD-4212-AAD8-6CD6D42BA6E3}.Debug|Mixed Platforms.Build.0 = Debug|Any CPU
		{7688AECF-92BD-4212-AAD8-6CD6D42BA6E3}.Debug|Win32.ActiveCfg = Debug|Any CPU
		{7688AECF-92BD-4212-AAD8-6CD6D42BA6E3}.Debug|x86.ActiveCfg = Debug|Any CPU
		{7688AECF-92BD-4212-AAD8-6CD6D42BA6E3}.Release Mono|Any CPU.ActiveCfg = Release|Any CPU
		{7688AECF-92BD-4212-AAD8-6CD6D42BA6E3}.Release Mono|Any CPU.Build.0 = Release|Any CPU
		{7688AECF-92BD-4212-AAD8-6CD6D42BA6E3}.Release Mono|Mixed Platforms.ActiveCfg = Release|Any CPU
		{7688AECF-92BD-4212-AAD8-6CD6D42BA6E3}.Release Mono|Mixed Platforms.Build.0 = Release|Any CPU
		{7688AECF-92BD-4212-AAD8-6CD6D42BA6E3}.Release Mono|Win32.ActiveCfg = Release|Any CPU
		{7688AECF-92BD-4212-AAD8-6CD6D42BA6E3}.Release Mono|x86.ActiveCfg = Release|Any CPU
		{7688AECF-92BD-4212-AAD8-6CD6D42BA6E3}.Release|Any CPU.ActiveCfg = Release|Any CPU
		{7688AECF-92BD-4212-AAD8-6CD6D42BA6E3}.Release|Any CPU.Build.0 = Release|Any CPU
		{7688AECF-92BD-4212-AAD8-6CD6D42BA6E3}.Release|Mixed Platforms.ActiveCfg = Release|Any CPU
		{7688AECF-92BD-4212-AAD8-6CD6D42BA6E3}.Release|Mixed Platforms.Build.0 = Release|Any CPU
		{7688AECF-92BD-4212-AAD8-6CD6D42BA6E3}.Release|Win32.ActiveCfg = Release|Any CPU
		{7688AECF-92BD-4212-AAD8-6CD6D42BA6E3}.Release|x86.ActiveCfg = Release|Any CPU
		{B4424312-441E-4B12-9278-D640CDABD99B}.Debug|Any CPU.ActiveCfg = Debug|Any CPU
		{B4424312-441E-4B12-9278-D640CDABD99B}.Debug|Any CPU.Build.0 = Debug|Any CPU
		{B4424312-441E-4B12-9278-D640CDABD99B}.Debug|Mixed Platforms.ActiveCfg = Debug|Any CPU
		{B4424312-441E-4B12-9278-D640CDABD99B}.Debug|Mixed Platforms.Build.0 = Debug|Any CPU
		{B4424312-441E-4B12-9278-D640CDABD99B}.Debug|Win32.ActiveCfg = Debug|Any CPU
		{B4424312-441E-4B12-9278-D640CDABD99B}.Debug|x86.ActiveCfg = Debug|Any CPU
		{B4424312-441E-4B12-9278-D640CDABD99B}.Release Mono|Any CPU.ActiveCfg = Release|Any CPU
		{B4424312-441E-4B12-9278-D640CDABD99B}.Release Mono|Any CPU.Build.0 = Release|Any CPU
		{B4424312-441E-4B12-9278-D640CDABD99B}.Release Mono|Mixed Platforms.ActiveCfg = Release|Any CPU
		{B4424312-441E-4B12-9278-D640CDABD99B}.Release Mono|Mixed Platforms.Build.0 = Release|Any CPU
		{B4424312-441E-4B12-9278-D640CDABD99B}.Release Mono|Win32.ActiveCfg = Release|Any CPU
		{B4424312-441E-4B12-9278-D640CDABD99B}.Release Mono|x86.ActiveCfg = Release|Any CPU
		{B4424312-441E-4B12-9278-D640CDABD99B}.Release|Any CPU.ActiveCfg = Release|Any CPU
		{B4424312-441E-4B12-9278-D640CDABD99B}.Release|Any CPU.Build.0 = Release|Any CPU
		{B4424312-441E-4B12-9278-D640CDABD99B}.Release|Mixed Platforms.ActiveCfg = Release|Any CPU
		{B4424312-441E-4B12-9278-D640CDABD99B}.Release|Mixed Platforms.Build.0 = Release|Any CPU
		{B4424312-441E-4B12-9278-D640CDABD99B}.Release|Win32.ActiveCfg = Release|Any CPU
		{B4424312-441E-4B12-9278-D640CDABD99B}.Release|x86.ActiveCfg = Release|Any CPU
		{74597E45-7F3C-4958-8B6A-B16DE8DE47B9}.Debug|Any CPU.ActiveCfg = Debug|Any CPU
		{74597E45-7F3C-4958-8B6A-B16DE8DE47B9}.Debug|Any CPU.Build.0 = Debug|Any CPU
		{74597E45-7F3C-4958-8B6A-B16DE8DE47B9}.Debug|Mixed Platforms.ActiveCfg = Debug|Any CPU
		{74597E45-7F3C-4958-8B6A-B16DE8DE47B9}.Debug|Mixed Platforms.Build.0 = Debug|Any CPU
		{74597E45-7F3C-4958-8B6A-B16DE8DE47B9}.Debug|Win32.ActiveCfg = Debug|Any CPU
		{74597E45-7F3C-4958-8B6A-B16DE8DE47B9}.Debug|x86.ActiveCfg = Debug|Any CPU
		{74597E45-7F3C-4958-8B6A-B16DE8DE47B9}.Release Mono|Any CPU.ActiveCfg = Release|Any CPU
		{74597E45-7F3C-4958-8B6A-B16DE8DE47B9}.Release Mono|Any CPU.Build.0 = Release|Any CPU
		{74597E45-7F3C-4958-8B6A-B16DE8DE47B9}.Release Mono|Mixed Platforms.ActiveCfg = Release|Any CPU
		{74597E45-7F3C-4958-8B6A-B16DE8DE47B9}.Release Mono|Mixed Platforms.Build.0 = Release|Any CPU
		{74597E45-7F3C-4958-8B6A-B16DE8DE47B9}.Release Mono|Win32.ActiveCfg = Release|Any CPU
		{74597E45-7F3C-4958-8B6A-B16DE8DE47B9}.Release Mono|x86.ActiveCfg = Release|Any CPU
		{74597E45-7F3C-4958-8B6A-B16DE8DE47B9}.Release|Any CPU.ActiveCfg = Release|Any CPU
		{74597E45-7F3C-4958-8B6A-B16DE8DE47B9}.Release|Any CPU.Build.0 = Release|Any CPU
		{74597E45-7F3C-4958-8B6A-B16DE8DE47B9}.Release|Mixed Platforms.ActiveCfg = Release|Any CPU
		{74597E45-7F3C-4958-8B6A-B16DE8DE47B9}.Release|Mixed Platforms.Build.0 = Release|Any CPU
		{74597E45-7F3C-4958-8B6A-B16DE8DE47B9}.Release|Win32.ActiveCfg = Release|Any CPU
		{74597E45-7F3C-4958-8B6A-B16DE8DE47B9}.Release|x86.ActiveCfg = Release|Any CPU
		{AA2384F3-29B1-42D5-9A4C-52303965C287}.Debug|Any CPU.ActiveCfg = Debug|Any CPU
		{AA2384F3-29B1-42D5-9A4C-52303965C287}.Debug|Any CPU.Build.0 = Debug|Any CPU
		{AA2384F3-29B1-42D5-9A4C-52303965C287}.Debug|Mixed Platforms.ActiveCfg = Debug|Any CPU
		{AA2384F3-29B1-42D5-9A4C-52303965C287}.Debug|Mixed Platforms.Build.0 = Debug|Any CPU
		{AA2384F3-29B1-42D5-9A4C-52303965C287}.Debug|Win32.ActiveCfg = Debug|Any CPU
		{AA2384F3-29B1-42D5-9A4C-52303965C287}.Debug|x86.ActiveCfg = Debug|Any CPU
		{AA2384F3-29B1-42D5-9A4C-52303965C287}.Release Mono|Any CPU.ActiveCfg = Release|Any CPU
		{AA2384F3-29B1-42D5-9A4C-52303965C287}.Release Mono|Any CPU.Build.0 = Release|Any CPU
		{AA2384F3-29B1-42D5-9A4C-52303965C287}.Release Mono|Mixed Platforms.ActiveCfg = Release|Any CPU
		{AA2384F3-29B1-42D5-9A4C-52303965C287}.Release Mono|Mixed Platforms.Build.0 = Release|Any CPU
		{AA2384F3-29B1-42D5-9A4C-52303965C287}.Release Mono|Win32.ActiveCfg = Release|Any CPU
		{AA2384F3-29B1-42D5-9A4C-52303965C287}.Release Mono|x86.ActiveCfg = Release|Any CPU
		{AA2384F3-29B1-42D5-9A4C-52303965C287}.Release|Any CPU.ActiveCfg = Release|Any CPU
		{AA2384F3-29B1-42D5-9A4C-52303965C287}.Release|Any CPU.Build.0 = Release|Any CPU
		{AA2384F3-29B1-42D5-9A4C-52303965C287}.Release|Mixed Platforms.ActiveCfg = Release|Any CPU
		{AA2384F3-29B1-42D5-9A4C-52303965C287}.Release|Mixed Platforms.Build.0 = Release|Any CPU
		{AA2384F3-29B1-42D5-9A4C-52303965C287}.Release|Win32.ActiveCfg = Release|Any CPU
		{AA2384F3-29B1-42D5-9A4C-52303965C287}.Release|x86.ActiveCfg = Release|Any CPU
		{D314C626-A6FC-4FD5-BE3C-9D36C2738418}.Debug|Any CPU.ActiveCfg = Debug|Any CPU
		{D314C626-A6FC-4FD5-BE3C-9D36C2738418}.Debug|Any CPU.Build.0 = Debug|Any CPU
		{D314C626-A6FC-4FD5-BE3C-9D36C2738418}.Debug|Mixed Platforms.ActiveCfg = Debug|Any CPU
		{D314C626-A6FC-4FD5-BE3C-9D36C2738418}.Debug|Mixed Platforms.Build.0 = Debug|Any CPU
		{D314C626-A6FC-4FD5-BE3C-9D36C2738418}.Debug|Win32.ActiveCfg = Debug|Any CPU
		{D314C626-A6FC-4FD5-BE3C-9D36C2738418}.Debug|x86.ActiveCfg = Debug|Any CPU
		{D314C626-A6FC-4FD5-BE3C-9D36C2738418}.Release Mono|Any CPU.ActiveCfg = Release|Any CPU
		{D314C626-A6FC-4FD5-BE3C-9D36C2738418}.Release Mono|Any CPU.Build.0 = Release|Any CPU
		{D314C626-A6FC-4FD5-BE3C-9D36C2738418}.Release Mono|Mixed Platforms.ActiveCfg = Release|Any CPU
		{D314C626-A6FC-4FD5-BE3C-9D36C2738418}.Release Mono|Mixed Platforms.Build.0 = Release|Any CPU
		{D314C626-A6FC-4FD5-BE3C-9D36C2738418}.Release Mono|Win32.ActiveCfg = Release|Any CPU
		{D314C626-A6FC-4FD5-BE3C-9D36C2738418}.Release Mono|x86.ActiveCfg = Release|Any CPU
		{D314C626-A6FC-4FD5-BE3C-9D36C2738418}.Release|Any CPU.ActiveCfg = Release|Any CPU
		{D314C626-A6FC-4FD5-BE3C-9D36C2738418}.Release|Any CPU.Build.0 = Release|Any CPU
		{D314C626-A6FC-4FD5-BE3C-9D36C2738418}.Release|Mixed Platforms.ActiveCfg = Release|Any CPU
		{D314C626-A6FC-4FD5-BE3C-9D36C2738418}.Release|Mixed Platforms.Build.0 = Release|Any CPU
		{D314C626-A6FC-4FD5-BE3C-9D36C2738418}.Release|Win32.ActiveCfg = Release|Any CPU
		{D314C626-A6FC-4FD5-BE3C-9D36C2738418}.Release|x86.ActiveCfg = Release|Any CPU
		{AE8FE1EB-0280-48CE-A26A-F58E3FFE6B5D}.Debug|Any CPU.ActiveCfg = Debug|Any CPU
		{AE8FE1EB-0280-48CE-A26A-F58E3FFE6B5D}.Debug|Any CPU.Build.0 = Debug|Any CPU
		{AE8FE1EB-0280-48CE-A26A-F58E3FFE6B5D}.Debug|Mixed Platforms.ActiveCfg = Debug|Any CPU
		{AE8FE1EB-0280-48CE-A26A-F58E3FFE6B5D}.Debug|Mixed Platforms.Build.0 = Debug|Any CPU
		{AE8FE1EB-0280-48CE-A26A-F58E3FFE6B5D}.Debug|Win32.ActiveCfg = Debug|Any CPU
		{AE8FE1EB-0280-48CE-A26A-F58E3FFE6B5D}.Debug|x86.ActiveCfg = Debug|Any CPU
		{AE8FE1EB-0280-48CE-A26A-F58E3FFE6B5D}.Release Mono|Any CPU.ActiveCfg = Release|Any CPU
		{AE8FE1EB-0280-48CE-A26A-F58E3FFE6B5D}.Release Mono|Any CPU.Build.0 = Release|Any CPU
		{AE8FE1EB-0280-48CE-A26A-F58E3FFE6B5D}.Release Mono|Mixed Platforms.ActiveCfg = Release|Any CPU
		{AE8FE1EB-0280-48CE-A26A-F58E3FFE6B5D}.Release Mono|Mixed Platforms.Build.0 = Release|Any CPU
		{AE8FE1EB-0280-48CE-A26A-F58E3FFE6B5D}.Release Mono|Win32.ActiveCfg = Release|Any CPU
		{AE8FE1EB-0280-48CE-A26A-F58E3FFE6B5D}.Release Mono|x86.ActiveCfg = Release|Any CPU
		{AE8FE1EB-0280-48CE-A26A-F58E3FFE6B5D}.Release|Any CPU.ActiveCfg = Release|Any CPU
		{AE8FE1EB-0280-48CE-A26A-F58E3FFE6B5D}.Release|Any CPU.Build.0 = Release|Any CPU
		{AE8FE1EB-0280-48CE-A26A-F58E3FFE6B5D}.Release|Mixed Platforms.ActiveCfg = Release|Any CPU
		{AE8FE1EB-0280-48CE-A26A-F58E3FFE6B5D}.Release|Mixed Platforms.Build.0 = Release|Any CPU
		{AE8FE1EB-0280-48CE-A26A-F58E3FFE6B5D}.Release|Win32.ActiveCfg = Release|Any CPU
		{AE8FE1EB-0280-48CE-A26A-F58E3FFE6B5D}.Release|x86.ActiveCfg = Release|Any CPU
		{5D842D8A-5BFE-4D68-956B-E1E690EDB48A}.Debug|Any CPU.ActiveCfg = Debug|x86
		{5D842D8A-5BFE-4D68-956B-E1E690EDB48A}.Debug|Mixed Platforms.ActiveCfg = Debug|x86
		{5D842D8A-5BFE-4D68-956B-E1E690EDB48A}.Debug|Mixed Platforms.Build.0 = Debug|x86
		{5D842D8A-5BFE-4D68-956B-E1E690EDB48A}.Debug|Win32.ActiveCfg = Debug|x86
		{5D842D8A-5BFE-4D68-956B-E1E690EDB48A}.Debug|x86.ActiveCfg = Debug|x86
		{5D842D8A-5BFE-4D68-956B-E1E690EDB48A}.Debug|x86.Build.0 = Debug|x86
		{5D842D8A-5BFE-4D68-956B-E1E690EDB48A}.Release Mono|Any CPU.ActiveCfg = Release|x86
		{5D842D8A-5BFE-4D68-956B-E1E690EDB48A}.Release Mono|Mixed Platforms.ActiveCfg = Release|x86
		{5D842D8A-5BFE-4D68-956B-E1E690EDB48A}.Release Mono|Mixed Platforms.Build.0 = Release|x86
		{5D842D8A-5BFE-4D68-956B-E1E690EDB48A}.Release Mono|Win32.ActiveCfg = Release|x86
		{5D842D8A-5BFE-4D68-956B-E1E690EDB48A}.Release Mono|x86.ActiveCfg = Release|x86
		{5D842D8A-5BFE-4D68-956B-E1E690EDB48A}.Release Mono|x86.Build.0 = Release|x86
		{5D842D8A-5BFE-4D68-956B-E1E690EDB48A}.Release|Any CPU.ActiveCfg = Release|x86
		{5D842D8A-5BFE-4D68-956B-E1E690EDB48A}.Release|Mixed Platforms.ActiveCfg = Release|x86
		{5D842D8A-5BFE-4D68-956B-E1E690EDB48A}.Release|Mixed Platforms.Build.0 = Release|x86
		{5D842D8A-5BFE-4D68-956B-E1E690EDB48A}.Release|Win32.ActiveCfg = Release|x86
		{5D842D8A-5BFE-4D68-956B-E1E690EDB48A}.Release|x86.ActiveCfg = Release|x86
		{5D842D8A-5BFE-4D68-956B-E1E690EDB48A}.Release|x86.Build.0 = Release|x86
		{51ECCC57-56CB-44A0-9A43-DB596F982FC8}.Debug|Any CPU.ActiveCfg = Debug|Any CPU
		{51ECCC57-56CB-44A0-9A43-DB596F982FC8}.Debug|Any CPU.Build.0 = Debug|Any CPU
		{51ECCC57-56CB-44A0-9A43-DB596F982FC8}.Debug|Mixed Platforms.ActiveCfg = Debug|Any CPU
		{51ECCC57-56CB-44A0-9A43-DB596F982FC8}.Debug|Mixed Platforms.Build.0 = Debug|Any CPU
		{51ECCC57-56CB-44A0-9A43-DB596F982FC8}.Debug|Win32.ActiveCfg = Debug|Any CPU
		{51ECCC57-56CB-44A0-9A43-DB596F982FC8}.Debug|x86.ActiveCfg = Debug|Any CPU
		{51ECCC57-56CB-44A0-9A43-DB596F982FC8}.Release Mono|Any CPU.ActiveCfg = Release|Any CPU
		{51ECCC57-56CB-44A0-9A43-DB596F982FC8}.Release Mono|Any CPU.Build.0 = Release|Any CPU
		{51ECCC57-56CB-44A0-9A43-DB596F982FC8}.Release Mono|Mixed Platforms.ActiveCfg = Release|Any CPU
		{51ECCC57-56CB-44A0-9A43-DB596F982FC8}.Release Mono|Mixed Platforms.Build.0 = Release|Any CPU
		{51ECCC57-56CB-44A0-9A43-DB596F982FC8}.Release Mono|Win32.ActiveCfg = Release|Any CPU
		{51ECCC57-56CB-44A0-9A43-DB596F982FC8}.Release Mono|x86.ActiveCfg = Release|Any CPU
		{51ECCC57-56CB-44A0-9A43-DB596F982FC8}.Release|Any CPU.ActiveCfg = Release|Any CPU
		{51ECCC57-56CB-44A0-9A43-DB596F982FC8}.Release|Any CPU.Build.0 = Release|Any CPU
		{51ECCC57-56CB-44A0-9A43-DB596F982FC8}.Release|Mixed Platforms.ActiveCfg = Release|Any CPU
		{51ECCC57-56CB-44A0-9A43-DB596F982FC8}.Release|Mixed Platforms.Build.0 = Release|Any CPU
		{51ECCC57-56CB-44A0-9A43-DB596F982FC8}.Release|Win32.ActiveCfg = Release|Any CPU
		{51ECCC57-56CB-44A0-9A43-DB596F982FC8}.Release|x86.ActiveCfg = Release|Any CPU
		{5FC132BA-75E0-4167-9258-3D2B23DE4E31}.Debug|Any CPU.ActiveCfg = Debug|Any CPU
		{5FC132BA-75E0-4167-9258-3D2B23DE4E31}.Debug|Any CPU.Build.0 = Debug|Any CPU
		{5FC132BA-75E0-4167-9258-3D2B23DE4E31}.Debug|Mixed Platforms.ActiveCfg = Debug|Any CPU
		{5FC132BA-75E0-4167-9258-3D2B23DE4E31}.Debug|Mixed Platforms.Build.0 = Debug|Any CPU
		{5FC132BA-75E0-4167-9258-3D2B23DE4E31}.Debug|Win32.ActiveCfg = Debug|Any CPU
		{5FC132BA-75E0-4167-9258-3D2B23DE4E31}.Debug|x86.ActiveCfg = Debug|Any CPU
		{5FC132BA-75E0-4167-9258-3D2B23DE4E31}.Release Mono|Any CPU.ActiveCfg = Release|Any CPU
		{5FC132BA-75E0-4167-9258-3D2B23DE4E31}.Release Mono|Any CPU.Build.0 = Release|Any CPU
		{5FC132BA-75E0-4167-9258-3D2B23DE4E31}.Release Mono|Mixed Platforms.ActiveCfg = Release|Any CPU
		{5FC132BA-75E0-4167-9258-3D2B23DE4E31}.Release Mono|Mixed Platforms.Build.0 = Release|Any CPU
		{5FC132BA-75E0-4167-9258-3D2B23DE4E31}.Release Mono|Win32.ActiveCfg = Release|Any CPU
		{5FC132BA-75E0-4167-9258-3D2B23DE4E31}.Release Mono|x86.ActiveCfg = Release|Any CPU
		{5FC132BA-75E0-4167-9258-3D2B23DE4E31}.Release|Any CPU.ActiveCfg = Release|Any CPU
		{5FC132BA-75E0-4167-9258-3D2B23DE4E31}.Release|Any CPU.Build.0 = Release|Any CPU
		{5FC132BA-75E0-4167-9258-3D2B23DE4E31}.Release|Mixed Platforms.ActiveCfg = Release|Any CPU
		{5FC132BA-75E0-4167-9258-3D2B23DE4E31}.Release|Mixed Platforms.Build.0 = Release|Any CPU
		{5FC132BA-75E0-4167-9258-3D2B23DE4E31}.Release|Win32.ActiveCfg = Release|Any CPU
		{5FC132BA-75E0-4167-9258-3D2B23DE4E31}.Release|x86.ActiveCfg = Release|Any CPU
	EndGlobalSection
	GlobalSection(SolutionProperties) = preSolution
		HideSolutionNode = FALSE
	EndGlobalSection
	GlobalSection(MonoDevelopProperties) = preSolution
		StartupItem = Library.UnitTest\Library.UnitTest.csproj
	EndGlobalSection
EndGlobal
